
Microsoft Visual Studio Solution File, Format Version 12.00
# Visual Studio Version 16
VisualStudioVersion = 16.0.30204.135
MinimumVisualStudioVersion = 10.0.40219.1
Project("{9A19103F-16F7-4668-BE54-9A1E7A4F7556}") = "MD.ExpressionPredicateBuilder", "MD.ExpressionPredicateBuilder\MD.ExpressionPredicateBuilder.csproj", "{45A91D62-43E1-4189-9D69-979FB7736795}"
EndProject
Project("{FAE04EC0-301F-11D3-BF4B-00C04F79EFBC}") = "MD.ExpressionPredicateBuilder.XUnitTest", "MD.ExpressionPredicateBuilder.XUnitTest\MD.ExpressionPredicateBuilder.XUnitTest.csproj", "{D3839B5B-7D7C-47D2-AC98-FD56073160CF}"
EndProject
Global
	GlobalSection(SolutionConfigurationPlatforms) = preSolution
		Debug|Any CPU = Debug|Any CPU
		Release|Any CPU = Release|Any CPU
	EndGlobalSection
	GlobalSection(ProjectConfigurationPlatforms) = postSolution
		{45A91D62-43E1-4189-9D69-979FB7736795}.Debug|Any CPU.ActiveCfg = Debug|Any CPU
		{45A91D62-43E1-4189-9D69-979FB7736795}.Debug|Any CPU.Build.0 = Debug|Any CPU
		{45A91D62-43E1-4189-9D69-979FB7736795}.Release|Any CPU.ActiveCfg = Release|Any CPU
		{45A91D62-43E1-4189-9D69-979FB7736795}.Release|Any CPU.Build.0 = Release|Any CPU
		{D3839B5B-7D7C-47D2-AC98-FD56073160CF}.Debug|Any CPU.ActiveCfg = Debug|Any CPU
		{D3839B5B-7D7C-47D2-AC98-FD56073160CF}.Debug|Any CPU.Build.0 = Debug|Any CPU
		{D3839B5B-7D7C-47D2-AC98-FD56073160CF}.Release|Any CPU.ActiveCfg = Release|Any CPU
		{D3839B5B-7D7C-47D2-AC98-FD56073160CF}.Release|Any CPU.Build.0 = Release|Any CPU
	EndGlobalSection
	GlobalSection(SolutionProperties) = preSolution
		HideSolutionNode = FALSE
	EndGlobalSection
	GlobalSection(ExtensibilityGlobals) = postSolution
		SolutionGuid = {0E60041D-CB16-4806-ADAA-3612F29742EF}
	EndGlobalSection
EndGlobal
